[c]
path = "../../../wit/c"
sha256 = "a8ca7a8519fad71209b455eb4d690b25acc993f8beaeb08d9874f57bbe8885f8"
sha512 = "b0de7550ef29b60c987627272393c9ece359317406f006fd39087599d4aef20dd30f5f3478dc2d4526d6d817b94005b6719f86a9c84a5c099442f00a0c6be350"

[cpp]
path = "../../../wit/cpp"
sha256 = "bcb52e21d7e8e4198a9718b04c5f1e314f4e43c0c52ab4cfa748f1916ecace76"
sha512 = "a06c7237110cd02d13e8238ebb8f4b4febeb7b25a6340003c2b0ebe8dbefc1836f16ad332cade34429fe559f3f14414e745da74d40d92adf3d07d66419273290"

[plugin]
path = "../../../wit/plugin"
sha256 = "b5f35563b86dc66c974ae0748400970fbe769732080f472ae826c025ad85fd34"
sha512 = "cca7548bd52b40dc62313723cc0ee74e4083d6fd120d9adb71666126e5eb4f0e579027b19872e9f28234d51581e95a95f3c0ad1dd732defd1ab78705d12e2441"

[rust]
path = "../../../wit/rust"
sha256 = "ee249135efdc34266701d9781fd23df7fb1393752cb902f4041097a63df6c356"
sha512 = "3ea756bd9c05836e05a8d358c0771af70de878da4308e8de3bbd5fdb1c5ba0f912ae7bf88c759a56ad0f960e923f657ec29d0a8b09186c0fef9e76923b3efb49"
